dependencies:
- name: tempo
  repository: https://grafana.github.io/helm-charts
  version: 1.24.1
- name: alloy
  repository: https://grafana.github.io/helm-charts
  version: 1.5.0
digest: sha256:183008613caedc6d23a065e33ce966c901d506e65c3a31b5a873f6d02f35a151
generated: "2025-12-15T19:28:46.153570086-03:00"
